
Microsoft Visual Studio Solution File, Format Version 11.00
# Visual Studio 2010
Project("{8BC9CEB8-8B4A-11D0-8D11-00A0C91BC942}") = "P3", "P3.vcxproj", "{A0EC0BA1-A8FA-4E27-9A8D-EEF759DF53BD}"
EndProject
Project("{2150E333-8FDC-42A3-9474-1A3956D46DE8}") = "Solution Items", "Solution Items", "{38FD4A14-6B15-4BCA-8BF1-028EC6CE0073}"
	ProjectSection(SolutionItems) = preProject
		Performance1.psess = Performance1.psess
	EndProjectSection
EndProject
Global
	GlobalSection(SolutionConfigurationPlatforms) = preSolution
		Debug|Win32 = Debug|Win32
		Release|Win32 = Release|Win32
	EndGlobalSection
	GlobalSection(ProjectConfigurationPlatforms) = postSolution
		{A0EC0BA1-A8FA-4E27-9A8D-EEF759DF53BD}.Debug|Win32.ActiveCfg = Debug|Win32
		{A0EC0BA1-A8FA-4E27-9A8D-EEF759DF53BD}.Debug|Win32.Build.0 = Debug|Win32
		{A0EC0BA1-A8FA-4E27-9A8D-EEF759DF53BD}.Release|Win32.ActiveCfg = Release|Win32
		{A0EC0BA1-A8FA-4E27-9A8D-EEF759DF53BD}.Release|Win32.Build.0 = Release|Win32
	EndGlobalSection
	GlobalSection(SolutionProperties) = preSolution
		HideSolutionNode = FALSE
	EndGlobalSection
EndGlobal
