<?xml version="1.0" encoding="utf-8"?>
<Project ToolsVersion="4.0" xmlns="http://schemas.microsoft.com/developer/msbuild/2003">
  <ItemGroup>
    <Filter Include="Source Files">
      <UniqueIdentifier>{4FC737F1-C7A5-4376-A066-2A32D752A2FF}</UniqueIdentifier>
      <Extensions>cpp;c;cc;cxx;def;odl;idl;hpj;bat;asm;asmx</Extensions>
    </Filter>
    <Filter Include="Header Files">
      <UniqueIdentifier>{93995380-89BD-4b04-88EB-625FBE52EBFB}</UniqueIdentifier>
      <Extensions>h;hpp;hxx;hm;inl;inc;xsd</Extensions>
    </Filter>
    <Filter Include="Resource Files">
      <UniqueIdentifier>{67DA6AB6-F800-4c08-8B7A-83BB121AAD01}</UniqueIdentifier>
      <Extensions>rc;ico;cur;bmp;dlg;rc2;rct;bin;rgs;gif;jpg;jpeg;jpe;resx;tiff;tif;png;wav;mfcribbon-ms</Extensions>
    </Filter>
  </ItemGroup>
  <ItemGroup>
    <ClCompile Include="Arrow.cpp">
      <Filter>Source Files</Filter>
    </ClCompile>
    <ClCompile Include="Camera.cpp">
      <Filter>Source Files</Filter>
    </ClCompile>
    <ClCompile Include="Material.cpp">
      <Filter>Source Files</Filter>
    </ClCompile>
    <ClCompile Include="MKMath.cpp">
      <Filter>Source Files</Filter>
    </ClCompile>
    <ClCompile Include="proj3.cpp">
      <Filter>Source Files</Filter>
    </ClCompile>
    <ClCompile Include="SceneNode.cpp">
      <Filter>Source Files</Filter>
    </ClCompile>
    <ClCompile Include="Transform.cpp">
      <Filter>Source Files</Filter>
    </ClCompile>
    <ClCompile Include="Texture.cpp">
      <Filter>Source Files</Filter>
    </ClCompile>
    <ClCompile Include="StdAfx.cpp">
      <Filter>Source Files</Filter>
    </ClCompile>
    <ClCompile Include="SkyBox.cpp">
      <Filter>Source Files</Filter>
    </ClCompile>
    <ClCompile Include="CgErrors.cpp">
      <Filter>Source Files</Filter>
    </ClCompile>
    <ClCompile Include="FrameBuffer.cpp">
      <Filter>Source Files</Filter>
    </ClCompile>
    <ClCompile Include="GLErrors.cpp">
      <Filter>Source Files</Filter>
    </ClCompile>
    <ClCompile Include="Model.cpp">
      <Filter>Source Files</Filter>
    </ClCompile>
    <ClCompile Include="MTLFile.cpp">
      <Filter>Source Files</Filter>
    </ClCompile>
    <ClCompile Include="OBJFile.cpp">
      <Filter>Source Files</Filter>
    </ClCompile>
    <ClCompile Include="SceneRenderer.cpp">
      <Filter>Source Files</Filter>
    </ClCompile>
    <ClCompile Include="MAPFile.cpp">
      <Filter>Source Files</Filter>
    </ClCompile>
    <ClCompile Include="AnimatorManager.cpp">
      <Filter>Source Files</Filter>
    </ClCompile>
    <ClCompile Include="Car.cpp">
      <Filter>Source Files</Filter>
    </ClCompile>
    <ClCompile Include="RoadMap.cpp">
      <Filter>Source Files</Filter>
    </ClCompile>
    <ClCompile Include="RoadMapNode.cpp">
      <Filter>Source Files</Filter>
    </ClCompile>
    <ClCompile Include="CarAnimator.cpp">
      <Filter>Source Files</Filter>
    </ClCompile>
    <ClCompile Include="CgSingleton.cpp">
      <Filter>Source Files</Filter>
    </ClCompile>
    <ClCompile Include="Crate.cpp">
      <Filter>Source Files</Filter>
    </ClCompile>
    <ClCompile Include="CrateAnimator.cpp">
      <Filter>Source Files</Filter>
    </ClCompile>
  </ItemGroup>
  <ItemGroup>
    <ClInclude Include="Arrow.hpp">
      <Filter>Header Files</Filter>
    </ClInclude>
    <ClInclude Include="Camera.hpp">
      <Filter>Header Files</Filter>
    </ClInclude>
    <ClInclude Include="Cube.hpp">
      <Filter>Header Files</Filter>
    </ClInclude>
    <ClInclude Include="Exceptions.hpp">
      <Filter>Header Files</Filter>
    </ClInclude>
    <ClInclude Include="Light.hpp">
      <Filter>Header Files</Filter>
    </ClInclude>
    <ClInclude Include="Material.hpp">
      <Filter>Header Files</Filter>
    </ClInclude>
    <ClInclude Include="MKMath.hpp">
      <Filter>Header Files</Filter>
    </ClInclude>
    <ClInclude Include="NamedClass.hpp">
      <Filter>Header Files</Filter>
    </ClInclude>
    <ClInclude Include="Renderable.hpp">
      <Filter>Header Files</Filter>
    </ClInclude>
    <ClInclude Include="SceneNode.hpp">
      <Filter>Header Files</Filter>
    </ClInclude>
    <ClInclude Include="Sphere.hpp">
      <Filter>Header Files</Filter>
    </ClInclude>
    <ClInclude Include="Teapot.hpp">
      <Filter>Header Files</Filter>
    </ClInclude>
    <ClInclude Include="Transform.hpp">
      <Filter>Header Files</Filter>
    </ClInclude>
    <ClInclude Include="Vector2.hpp">
      <Filter>Header Files</Filter>
    </ClInclude>
    <ClInclude Include="Vector3.hpp">
      <Filter>Header Files</Filter>
    </ClInclude>
    <ClInclude Include="CEGUIStyleManager.hpp">
      <Filter>Header Files</Filter>
    </ClInclude>
    <ClInclude Include="Texture.hpp">
      <Filter>Header Files</Filter>
    </ClInclude>
    <ClInclude Include="StdAfx.hpp">
      <Filter>Header Files</Filter>
    </ClInclude>
    <ClInclude Include="SkyBox.hpp">
      <Filter>Header Files</Filter>
    </ClInclude>
    <ClInclude Include="CgErrors.hpp">
      <Filter>Header Files</Filter>
    </ClInclude>
    <ClInclude Include="CgContext.hpp">
      <Filter>Header Files</Filter>
    </ClInclude>
    <ClInclude Include="CgProfile.hpp">
      <Filter>Header Files</Filter>
    </ClInclude>
    <ClInclude Include="CgProgram.hpp">
      <Filter>Header Files</Filter>
    </ClInclude>
    <ClInclude Include="CgNamedParameter.hpp">
      <Filter>Header Files</Filter>
    </ClInclude>
    <ClInclude Include="FrameBuffer.hpp">
      <Filter>Header Files</Filter>
    </ClInclude>
    <ClInclude Include="GLErrors.hpp">
      <Filter>Header Files</Filter>
    </ClInclude>
    <ClInclude Include="Model.hpp">
      <Filter>Header Files</Filter>
    </ClInclude>
    <ClInclude Include="MTLFile.hpp">
      <Filter>Header Files</Filter>
    </ClInclude>
    <ClInclude Include="OBJFile.hpp">
      <Filter>Header Files</Filter>
    </ClInclude>
    <ClInclude Include="SceneRenderer.hpp">
      <Filter>Header Files</Filter>
    </ClInclude>
    <ClInclude Include="MAPFile.hpp">
      <Filter>Header Files</Filter>
    </ClInclude>
    <ClInclude Include="Animator.hpp">
      <Filter>Header Files</Filter>
    </ClInclude>
    <ClInclude Include="AnimatorManager.hpp">
      <Filter>Header Files</Filter>
    </ClInclude>
    <ClInclude Include="Car.hpp">
      <Filter>Header Files</Filter>
    </ClInclude>
    <ClInclude Include="RoadMap.hpp">
      <Filter>Header Files</Filter>
    </ClInclude>
    <ClInclude Include="RoadMapNode.hpp">
      <Filter>Header Files</Filter>
    </ClInclude>
    <ClInclude Include="CarAnimator.hpp">
      <Filter>Header Files</Filter>
    </ClInclude>
    <ClInclude Include="DirectionalLight.hpp">
      <Filter>Header Files</Filter>
    </ClInclude>
    <ClInclude Include="CgSingleton.hpp">
      <Filter>Header Files</Filter>
    </ClInclude>
    <ClInclude Include="ShaderSet.hpp">
      <Filter>Header Files</Filter>
    </ClInclude>
    <ClInclude Include="Crate.hpp">
      <Filter>Header Files</Filter>
    </ClInclude>
    <ClInclude Include="CrateAnimator.hpp">
      <Filter>Header Files</Filter>
    </ClInclude>
  </ItemGroup>
</Project>